{
    "version": 3,
    "terraform_version": "0.11.5",
    "serial": 15,
    "lineage": "89cb552f-3049-d832-2315-28f06705e2a5",
    "modules": [
        {
            "path": [
                "root"
            ],
            "outputs": {},
            "resources": {
                "aws_default_network_acl.t03_default": {
                    "type": "aws_default_network_acl",
                    "depends_on": [
                        "aws_subnet.private_1c",
                        "aws_subnet.public_1a",
                        "aws_vpc.t03vpc"
                    ],
                    "primary": {
                        "id": "acl-0c1337e982f63962b",
                        "attributes": {
                            "default_network_acl_id": "acl-0c1337e982f63962b",
                            "egress.#": "1",
                            "egress.1401401844.action": "allow",
                            "egress.1401401844.cidr_block": "0.0.0.0/0",
                            "egress.1401401844.from_port": "0",
                            "egress.1401401844.icmp_code": "0",
                            "egress.1401401844.icmp_type": "0",
                            "egress.1401401844.ipv6_cidr_block": "",
                            "egress.1401401844.protocol": "-1",
                            "egress.1401401844.rule_no": "100",
                            "egress.1401401844.to_port": "0",
                            "id": "acl-0c1337e982f63962b",
                            "ingress.#": "1",
                            "ingress.1401401844.action": "allow",
                            "ingress.1401401844.cidr_block": "0.0.0.0/0",
                            "ingress.1401401844.from_port": "0",
                            "ingress.1401401844.icmp_code": "0",
                            "ingress.1401401844.icmp_type": "0",
                            "ingress.1401401844.ipv6_cidr_block": "",
                            "ingress.1401401844.protocol": "-1",
                            "ingress.1401401844.rule_no": "100",
                            "ingress.1401401844.to_port": "0",
                            "owner_id": "715652651898",
                            "subnet_ids.#": "3",
                            "subnet_ids.2950120233": "subnet-0750f63c38c055766",
                            "subnet_ids.3054656610": "subnet-03db2b5a378edbb59",
                            "subnet_ids.4086870916": "subnet-0eadb0bdb744e75dd",
                            "tags.%": "0",
                            "vpc_id": "vpc-0bac0748973c58b31"
                        },
                        "meta": {},
                        "tainted": false
                    },
                    "deposed": [],
                    "provider": "provider.aws"
                },
                "aws_default_security_group.t03_default": {
                    "type": "aws_default_security_group",
                    "depends_on": [
                        "aws_vpc.t03vpc"
                    ],
                    "primary": {
                        "id": "sg-047f8f839c06f2d98",
                        "attributes": {
                            "arn": "arn:aws:ec2:ap-northeast-1:715652651898:security-group/sg-047f8f839c06f2d98",
                            "egress.#": "1",
                            "egress.482069346.cidr_blocks.#": "1",
                            "egress.482069346.cidr_blocks.0": "0.0.0.0/0",
                            "egress.482069346.description": "",
                            "egress.482069346.from_port": "0",
                            "egress.482069346.ipv6_cidr_blocks.#": "0",
                            "egress.482069346.prefix_list_ids.#": "0",
                            "egress.482069346.protocol": "-1",
                            "egress.482069346.security_groups.#": "0",
                            "egress.482069346.self": "false",
                            "egress.482069346.to_port": "0",
                            "id": "sg-047f8f839c06f2d98",
                            "ingress.#": "1",
                            "ingress.753360330.cidr_blocks.#": "0",
                            "ingress.753360330.description": "",
                            "ingress.753360330.from_port": "0",
                            "ingress.753360330.ipv6_cidr_blocks.#": "0",
                            "ingress.753360330.prefix_list_ids.#": "0",
                            "ingress.753360330.protocol": "-1",
                            "ingress.753360330.security_groups.#": "0",
                            "ingress.753360330.self": "true",
                            "ingress.753360330.to_port": "0",
                            "name": "default",
                            "owner_id": "715652651898",
                            "revoke_rules_on_delete": "false",
                            "tags.%": "0",
                            "vpc_id": "vpc-0bac0748973c58b31"
                        },
                        "meta": {
                            "e2bfb730-ecaa-11e6-8f88-34363bc7c4c0": {
                                "create": 600000000000,
                                "delete": 600000000000
                            },
                            "schema_version": "1"
                        },
                        "tainted": false
                    },
                    "deposed": [],
                    "provider": "provider.aws"
                },
                "aws_eip.bastion_1a": {
                    "type": "aws_eip",
                    "depends_on": [
                        "aws_instance.bastion_1a"
                    ],
                    "primary": {
                        "id": "eipalloc-0f37e1b5859c54a9f",
                        "attributes": {
                            "association_id": "eipassoc-0374f00b8d24d7584",
                            "domain": "vpc",
                            "id": "eipalloc-0f37e1b5859c54a9f",
                            "instance": "i-0d62e15feff813fc9",
                            "network_interface": "eni-053169c52a3da12c4",
                            "private_dns": "ip-103-0-1-159.ap-northeast-1.compute.internal",
                            "private_ip": "103.0.1.159",
                            "public_dns": "ec2-52-194-199-206.ap-northeast-1.compute.amazonaws.com",
                            "public_ip": "52.194.199.206",
                            "public_ipv4_pool": "amazon",
                            "tags.%": "0",
                            "vpc": "true"
                        },
                        "meta": {
                            "e2bfb730-ecaa-11e6-8f88-34363bc7c4c0": {
                                "delete": 180000000000,
                                "read": 900000000000,
                                "update": 300000000000
                            }
                        },
                        "tainted": false
                    },
                    "deposed": [],
                    "provider": "provider.aws"
                },
                "aws_eip.nat_t03_1a": {
                    "type": "aws_eip",
                    "depends_on": [],
                    "primary": {
                        "id": "eipalloc-07341a53ddb762f2a",
                        "attributes": {
                            "association_id": "eipassoc-0ffbe08fa4cc70e63",
                            "domain": "vpc",
                            "id": "eipalloc-07341a53ddb762f2a",
                            "instance": "",
                            "network_interface": "eni-076f4ca7f129e06c1",
                            "private_dns": "ip-103-0-1-234.ap-northeast-1.compute.internal",
                            "private_ip": "103.0.1.234",
                            "public_dns": "ec2-54-249-117-65.ap-northeast-1.compute.amazonaws.com",
                            "public_ip": "54.249.117.65",
                            "public_ipv4_pool": "amazon",
                            "tags.%": "0",
                            "vpc": "true"
                        },
                        "meta": {
                            "e2bfb730-ecaa-11e6-8f88-34363bc7c4c0": {
                                "delete": 180000000000,
                                "read": 900000000000,
                                "update": 300000000000
                            }
                        },
                        "tainted": false
                    },
                    "deposed": [],
                    "provider": "provider.aws"
                },
                "aws_eip.nat_t03_1c": {
                    "type": "aws_eip",
                    "depends_on": [],
                    "primary": {
                        "id": "eipalloc-05a4260d2109c0b85",
                        "attributes": {
                            "association_id": "eipassoc-05888dc90a6e8d926",
                            "domain": "vpc",
                            "id": "eipalloc-05a4260d2109c0b85",
                            "instance": "",
                            "network_interface": "eni-0e8b3a421dcc2d3e4",
                            "private_dns": "ip-103-0-2-28.ap-northeast-1.compute.internal",
                            "private_ip": "103.0.2.28",
                            "public_dns": "ec2-54-250-96-193.ap-northeast-1.compute.amazonaws.com",
                            "public_ip": "54.250.96.193",
                            "public_ipv4_pool": "amazon",
                            "tags.%": "0",
                            "vpc": "true"
                        },
                        "meta": {
                            "e2bfb730-ecaa-11e6-8f88-34363bc7c4c0": {
                                "delete": 180000000000,
                                "read": 900000000000,
                                "update": 300000000000
                            }
                        },
                        "tainted": false
                    },
                    "deposed": [],
                    "provider": "provider.aws"
                },
                "aws_eip.t03db_1c": {
                    "type": "aws_eip",
                    "depends_on": [
                        "aws_instance.t03db_1c"
                    ],
                    "primary": {
                        "id": "eipalloc-0f3a42c3c90b1d526",
                        "attributes": {
                            "association_id": "eipassoc-071a5fe47a9ca7b28",
                            "domain": "vpc",
                            "id": "eipalloc-0f3a42c3c90b1d526",
                            "instance": "i-09cf19a55fde45b49",
                            "network_interface": "eni-019da07d1a71dab95",
                            "private_dns": "ip-103-0-2-113.ap-northeast-1.compute.internal",
                            "private_ip": "103.0.2.113",
                            "public_dns": "ec2-54-248-191-60.ap-northeast-1.compute.amazonaws.com",
                            "public_ip": "54.248.191.60",
                            "public_ipv4_pool": "amazon",
                            "tags.%": "0",
                            "vpc": "true"
                        },
                        "meta": {
                            "e2bfb730-ecaa-11e6-8f88-34363bc7c4c0": {
                                "delete": 180000000000,
                                "read": 900000000000,
                                "update": 300000000000
                            }
                        },
                        "tainted": false
                    },
                    "deposed": [],
                    "provider": "provider.aws"
                },
                "aws_eip.t03web_1a": {
                    "type": "aws_eip",
                    "depends_on": [
                        "aws_instance.t03web_1a"
                    ],
                    "primary": {
                        "id": "eipalloc-0a81ab36e4cca34e6",
                        "attributes": {
                            "association_id": "eipassoc-014c83d5e4483dd00",
                            "domain": "vpc",
                            "id": "eipalloc-0a81ab36e4cca34e6",
                            "instance": "i-09e44eb3df791efa0",
                            "network_interface": "eni-0a5e3cd25911277d5",
                            "private_dns": "ip-103-0-1-59.ap-northeast-1.compute.internal",
                            "private_ip": "103.0.1.59",
                            "public_dns": "ec2-3-114-34-39.ap-northeast-1.compute.amazonaws.com",
                            "public_ip": "3.114.34.39",
                            "public_ipv4_pool": "amazon",
                            "tags.%": "0",
                            "vpc": "true"
                        },
                        "meta": {
                            "e2bfb730-ecaa-11e6-8f88-34363bc7c4c0": {
                                "delete": 180000000000,
                                "read": 900000000000,
                                "update": 300000000000
                            }
                        },
                        "tainted": false
                    },
                    "deposed": [],
                    "provider": "provider.aws"
                },
                "aws_instance.bastion_1a": {
                    "type": "aws_instance",
                    "depends_on": [
                        "aws_default_security_group.t03_default",
                        "aws_security_group.bastion",
                        "aws_subnet.public_1a"
                    ],
                    "primary": {
                        "id": "i-0d62e15feff813fc9",
                        "attributes": {
                            "ami": "ami-0c3fd0f5d33134a76",
                            "arn": "arn:aws:ec2:ap-northeast-1:715652651898:instance/i-0d62e15feff813fc9",
                            "associate_public_ip_address": "true",
                            "availability_zone": "ap-northeast-1a",
                            "cpu_core_count": "1",
                            "cpu_threads_per_core": "1",
                            "credit_specification.#": "1",
                            "credit_specification.0.cpu_credits": "standard",
                            "disable_api_termination": "false",
                            "ebs_block_device.#": "0",
                            "ebs_optimized": "false",
                            "ephemeral_block_device.#": "0",
                            "get_password_data": "false",
                            "iam_instance_profile": "",
                            "id": "i-0d62e15feff813fc9",
                            "instance_state": "running",
                            "instance_type": "t2.nano",
                            "ipv6_address_count": "0",
                            "ipv6_addresses.#": "0",
                            "key_name": "t03_key",
                            "monitoring": "false",
                            "network_interface.#": "0",
                            "password_data": "",
                            "placement_group": "",
                            "primary_network_interface_id": "eni-053169c52a3da12c4",
                            "private_dns": "ip-103-0-1-159.ap-northeast-1.compute.internal",
                            "private_ip": "103.0.1.159",
                            "public_dns": "ec2-52-194-199-206.ap-northeast-1.compute.amazonaws.com",
                            "public_ip": "52.194.199.206",
                            "root_block_device.#": "1",
                            "root_block_device.0.delete_on_termination": "true",
                            "root_block_device.0.iops": "100",
                            "root_block_device.0.volume_id": "vol-0a728245f42fc0cb9",
                            "root_block_device.0.volume_size": "8",
                            "root_block_device.0.volume_type": "gp2",
                            "security_groups.#": "0",
                            "source_dest_check": "true",
                            "subnet_id": "subnet-0eadb0bdb744e75dd",
                            "tags.%": "0",
                            "tenancy": "default",
                            "volume_tags.%": "0",
                            "vpc_security_group_ids.#": "2",
                            "vpc_security_group_ids.3611636608": "sg-047f8f839c06f2d98",
                            "vpc_security_group_ids.947211074": "sg-0d8d2d5027a5b41ac"
                        },
                        "meta": {
                            "e2bfb730-ecaa-11e6-8f88-34363bc7c4c0": {
                                "create": 600000000000,
                                "delete": 1200000000000,
                                "update": 600000000000
                            },
                            "schema_version": "1"
                        },
                        "tainted": false
                    },
                    "deposed": [],
                    "provider": "provider.aws"
                },
                "aws_instance.t03web_1a": {
                    "type": "aws_instance",
                    "depends_on": [
                        "aws_default_security_group.t03_default",
                        "aws_security_group.t03web",
                        "aws_subnet.public_1a"
                    ],
                    "primary": {
                        "id": "i-09e44eb3df791efa0",
                        "attributes": {
                            "ami": "ami-0c3fd0f5d33134a76",
                            "arn": "arn:aws:ec2:ap-northeast-1:715652651898:instance/i-09e44eb3df791efa0",
                            "associate_public_ip_address": "true",
                            "availability_zone": "ap-northeast-1a",
                            "cpu_core_count": "1",
                            "cpu_threads_per_core": "1",
                            "credit_specification.#": "1",
                            "credit_specification.0.cpu_credits": "standard",
                            "disable_api_termination": "false",
                            "ebs_block_device.#": "0",
                            "ebs_optimized": "false",
                            "ephemeral_block_device.#": "0",
                            "get_password_data": "false",
                            "iam_instance_profile": "",
                            "id": "i-09e44eb3df791efa0",
                            "instance_state": "running",
                            "instance_type": "t2.micro",
                            "ipv6_address_count": "0",
                            "ipv6_addresses.#": "0",
                            "key_name": "t03_key",
                            "monitoring": "false",
                            "network_interface.#": "0",
                            "password_data": "",
                            "placement_group": "",
                            "primary_network_interface_id": "eni-0a5e3cd25911277d5",
                            "private_dns": "ip-103-0-1-59.ap-northeast-1.compute.internal",
                            "private_ip": "103.0.1.59",
                            "public_dns": "ec2-3-114-34-39.ap-northeast-1.compute.amazonaws.com",
                            "public_ip": "3.114.34.39",
                            "root_block_device.#": "1",
                            "root_block_device.0.delete_on_termination": "true",
                            "root_block_device.0.iops": "100",
                            "root_block_device.0.volume_id": "vol-04c0667b95b127065",
                            "root_block_device.0.volume_size": "8",
                            "root_block_device.0.volume_type": "gp2",
                            "security_groups.#": "0",
                            "source_dest_check": "true",
                            "subnet_id": "subnet-0eadb0bdb744e75dd",
                            "tags.%": "0",
                            "tenancy": "default",
                            "volume_tags.%": "0",
                            "vpc_security_group_ids.#": "2",
                            "vpc_security_group_ids.2459736875": "sg-0ae1dd1f10bdd2ccd",
                            "vpc_security_group_ids.3611636608": "sg-047f8f839c06f2d98"
                        },
                        "meta": {
                            "e2bfb730-ecaa-11e6-8f88-34363bc7c4c0": {
                                "create": 600000000000,
                                "delete": 1200000000000,
                                "update": 600000000000
                            },
                            "schema_version": "1"
                        },
                        "tainted": false
                    },
                    "deposed": [],
                    "provider": "provider.aws"
                },
                "aws_internet_gateway.t03igw": {
                    "type": "aws_internet_gateway",
                    "depends_on": [
                        "aws_vpc.t03vpc"
                    ],
                    "primary": {
                        "id": "igw-059656deaa0550002",
                        "attributes": {
                            "id": "igw-059656deaa0550002",
                            "owner_id": "715652651898",
                            "tags.%": "0",
                            "vpc_id": "vpc-0bac0748973c58b31"
                        },
                        "meta": {},
                        "tainted": false
                    },
                    "deposed": [],
                    "provider": "provider.aws"
                },
                "aws_key_pair.t03_key": {
                    "type": "aws_key_pair",
                    "depends_on": [],
                    "primary": {
                        "id": "t03_key",
                        "attributes": {
                            "fingerprint": "a9:21:b9:15:12:54:96:8b:78:e1:5c:ee:a7:f9:3f:53",
                            "id": "t03_key",
                            "key_name": "t03_key",
                            "public_key": "ssh-rsa AAAAB3NzaC1yc2EAAAADAQABAAABAQC/ZmNpVBspiC5eAPN7ntcKbqQG/+rzrzUjwaeRHj7gs/UabIcp6+YDM6UQvrLg1WbqB/RRXN4iJ10Rdn8vCqVelu8AMttwIQl4qkAVSliJJHfL9y+QzMvnOegt9cSqg0/0Oo6CLXqKOvvPp3piMYmF8I5jCkN4+y8EJ9P7zs1jC/KMfJltvQjL/hi3nj6nYggockYs8nXmBWMH5TBYxjNTKFSbrcPz9+AOmRL6qwTUQne1Gf3hebVbnb7+GzXmWy9YYvhI/VqNLI517ecQqFjun/64k7l/VvT3Qvqvsf0yw5vYgMhfHFFoidxKdGtlxOcrSdgeS15NtCbWR1fhUpuV ec2-user@ip-103-0-1-199"
                        },
                        "meta": {
                            "schema_version": "1"
                        },
                        "tainted": false
                    },
                    "deposed": [],
                    "provider": "provider.aws"
                },
                "aws_nat_gateway.t03_1a": {
                    "type": "aws_nat_gateway",
                    "depends_on": [
                        "aws_eip.nat_t03_1a",
                        "aws_subnet.public_1a"
                    ],
                    "primary": {
                        "id": "nat-0159a07a3dd7a54a9",
                        "attributes": {
                            "allocation_id": "eipalloc-07341a53ddb762f2a",
                            "id": "nat-0159a07a3dd7a54a9",
                            "network_interface_id": "eni-076f4ca7f129e06c1",
                            "private_ip": "103.0.1.234",
                            "public_ip": "54.249.117.65",
                            "subnet_id": "subnet-0eadb0bdb744e75dd",
                            "tags.%": "0"
                        },
                        "meta": {},
                        "tainted": false
                    },
                    "deposed": [],
                    "provider": "provider.aws"
                },
                "aws_nat_gateway.t03_1c": {
                    "type": "aws_nat_gateway",
                    "depends_on": [
                        "aws_eip.nat_t03_1c",
                        "aws_subnet.private_1c"
                    ],
                    "primary": {
                        "id": "nat-0ce7065173eebf454",
                        "attributes": {
                            "allocation_id": "eipalloc-05a4260d2109c0b85",
                            "id": "nat-0ce7065173eebf454",
                            "network_interface_id": "eni-019d6c7779610f6ee",
                            "private_ip": "103.0.2.81",
                            "public_ip": "54.250.96.193",
                            "subnet_id": "subnet-0750f63c38c055766",
                            "tags.%": "0"
                        },
                        "meta": {},
                        "tainted": false
                    },
                    "deposed": [],
                    "provider": "provider.aws"
                },
                "aws_route_table.t03_private": {
                    "type": "aws_route_table",
                    "depends_on": [
                        "aws_nat_gateway.t03_1c",
                        "aws_vpc.t03vpc"
                    ],
                    "primary": {
                        "id": "rtb-0de6bd318d3ab9f72",
                        "attributes": {
                            "id": "rtb-0de6bd318d3ab9f72",
                            "owner_id": "715652651898",
                            "propagating_vgws.#": "0",
                            "route.#": "1",
                            "route.3470293457.cidr_block": "0.0.0.0/0",
                            "route.3470293457.egress_only_gateway_id": "",
                            "route.3470293457.gateway_id": "",
                            "route.3470293457.instance_id": "",
                            "route.3470293457.ipv6_cidr_block": "",
                            "route.3470293457.nat_gateway_id": "nat-0ce7065173eebf454",
                            "route.3470293457.network_interface_id": "",
                            "route.3470293457.transit_gateway_id": "",
                            "route.3470293457.vpc_peering_connection_id": "",
                            "tags.%": "0",
                            "vpc_id": "vpc-0bac0748973c58b31"
                        },
                        "meta": {},
                        "tainted": false
                    },
                    "deposed": [],
                    "provider": "provider.aws"
                },
                "aws_route_table.t03_public": {
                    "type": "aws_route_table",
                    "depends_on": [
                        "aws_internet_gateway.t03igw",
                        "aws_vpc.t03vpc"
                    ],
                    "primary": {
                        "id": "rtb-0f72c243d0753c513",
                        "attributes": {
                            "id": "rtb-0f72c243d0753c513",
                            "owner_id": "715652651898",
                            "propagating_vgws.#": "0",
                            "route.#": "1",
                            "route.4198881086.cidr_block": "0.0.0.0/0",
                            "route.4198881086.egress_only_gateway_id": "",
                            "route.4198881086.gateway_id": "igw-059656deaa0550002",
                            "route.4198881086.instance_id": "",
                            "route.4198881086.ipv6_cidr_block": "",
                            "route.4198881086.nat_gateway_id": "",
                            "route.4198881086.network_interface_id": "",
                            "route.4198881086.transit_gateway_id": "",
                            "route.4198881086.vpc_peering_connection_id": "",
                            "tags.%": "0",
                            "vpc_id": "vpc-0bac0748973c58b31"
                        },
                        "meta": {},
                        "tainted": false
                    },
                    "deposed": [],
                    "provider": "provider.aws"
                },
                "aws_security_group.bastion": {
                    "type": "aws_security_group",
                    "depends_on": [
                        "aws_vpc.t03vpc"
                    ],
                    "primary": {
                        "id": "sg-0d8d2d5027a5b41ac",
                        "attributes": {
                            "arn": "arn:aws:ec2:ap-northeast-1:715652651898:security-group/sg-0d8d2d5027a5b41ac",
                            "description": "open ssh port for bastion",
                            "egress.#": "1",
                            "egress.482069346.cidr_blocks.#": "1",
                            "egress.482069346.cidr_blocks.0": "0.0.0.0/0",
                            "egress.482069346.description": "",
                            "egress.482069346.from_port": "0",
                            "egress.482069346.ipv6_cidr_blocks.#": "0",
                            "egress.482069346.prefix_list_ids.#": "0",
                            "egress.482069346.protocol": "-1",
                            "egress.482069346.security_groups.#": "0",
                            "egress.482069346.self": "false",
                            "egress.482069346.to_port": "0",
                            "id": "sg-0d8d2d5027a5b41ac",
                            "ingress.#": "1",
                            "ingress.2541437006.cidr_blocks.#": "1",
                            "ingress.2541437006.cidr_blocks.0": "0.0.0.0/0",
                            "ingress.2541437006.description": "",
                            "ingress.2541437006.from_port": "22",
                            "ingress.2541437006.ipv6_cidr_blocks.#": "0",
                            "ingress.2541437006.prefix_list_ids.#": "0",
                            "ingress.2541437006.protocol": "tcp",
                            "ingress.2541437006.security_groups.#": "0",
                            "ingress.2541437006.self": "false",
                            "ingress.2541437006.to_port": "22",
                            "name": "bastion",
                            "owner_id": "715652651898",
                            "revoke_rules_on_delete": "false",
                            "tags.%": "0",
                            "vpc_id": "vpc-0bac0748973c58b31"
                        },
                        "meta": {
                            "e2bfb730-ecaa-11e6-8f88-34363bc7c4c0": {
                                "create": 600000000000,
                                "delete": 600000000000
                            },
                            "schema_version": "1"
                        },
                        "tainted": false
                    },
                    "deposed": [],
                    "provider": "provider.aws"
                },
                "aws_security_group.t03db": {
                    "type": "aws_security_group",
                    "depends_on": [
                        "aws_vpc.t03vpc"
                    ],
                    "primary": {
                        "id": "sg-0da91fbc4a3c0d388",
                        "attributes": {
                            "arn": "arn:aws:ec2:ap-northeast-1:715652651898:security-group/sg-0da91fbc4a3c0d388",
                            "description": "open ssh mysql port for t03db",
                            "egress.#": "1",
                            "egress.482069346.cidr_blocks.#": "1",
                            "egress.482069346.cidr_blocks.0": "0.0.0.0/0",
                            "egress.482069346.description": "",
                            "egress.482069346.from_port": "0",
                            "egress.482069346.ipv6_cidr_blocks.#": "0",
                            "egress.482069346.prefix_list_ids.#": "0",
                            "egress.482069346.protocol": "-1",
                            "egress.482069346.security_groups.#": "0",
                            "egress.482069346.self": "false",
                            "egress.482069346.to_port": "0",
                            "id": "sg-0da91fbc4a3c0d388",
                            "ingress.#": "2",
                            "ingress.1163740523.cidr_blocks.#": "1",
                            "ingress.1163740523.cidr_blocks.0": "0.0.0.0/0",
                            "ingress.1163740523.description": "",
                            "ingress.1163740523.from_port": "3306",
                            "ingress.1163740523.ipv6_cidr_blocks.#": "0",
                            "ingress.1163740523.prefix_list_ids.#": "0",
                            "ingress.1163740523.protocol": "tcp",
                            "ingress.1163740523.security_groups.#": "0",
                            "ingress.1163740523.self": "false",
                            "ingress.1163740523.to_port": "3306",
                            "ingress.2541437006.cidr_blocks.#": "1",
                            "ingress.2541437006.cidr_blocks.0": "0.0.0.0/0",
                            "ingress.2541437006.description": "",
                            "ingress.2541437006.from_port": "22",
                            "ingress.2541437006.ipv6_cidr_blocks.#": "0",
                            "ingress.2541437006.prefix_list_ids.#": "0",
                            "ingress.2541437006.protocol": "tcp",
                            "ingress.2541437006.security_groups.#": "0",
                            "ingress.2541437006.self": "false",
                            "ingress.2541437006.to_port": "22",
                            "name": "t03db",
                            "owner_id": "715652651898",
                            "revoke_rules_on_delete": "false",
                            "tags.%": "0",
                            "vpc_id": "vpc-0bac0748973c58b31"
                        },
                        "meta": {
                            "e2bfb730-ecaa-11e6-8f88-34363bc7c4c0": {
                                "create": 600000000000,
                                "delete": 600000000000
                            },
                            "schema_version": "1"
                        },
                        "tainted": false
                    },
                    "deposed": [],
                    "provider": "provider.aws"
                },
                "aws_security_group.t03web": {
                    "type": "aws_security_group",
                    "depends_on": [
                        "aws_vpc.t03vpc"
                    ],
                    "primary": {
                        "id": "sg-0ae1dd1f10bdd2ccd",
                        "attributes": {
                            "arn": "arn:aws:ec2:ap-northeast-1:715652651898:security-group/sg-0ae1dd1f10bdd2ccd",
                            "description": "open ssh httpd port for t03web",
                            "egress.#": "1",
                            "egress.482069346.cidr_blocks.#": "1",
                            "egress.482069346.cidr_blocks.0": "0.0.0.0/0",
                            "egress.482069346.description": "",
                            "egress.482069346.from_port": "0",
                            "egress.482069346.ipv6_cidr_blocks.#": "0",
                            "egress.482069346.prefix_list_ids.#": "0",
                            "egress.482069346.protocol": "-1",
                            "egress.482069346.security_groups.#": "0",
                            "egress.482069346.self": "false",
                            "egress.482069346.to_port": "0",
                            "id": "sg-0ae1dd1f10bdd2ccd",
                            "ingress.#": "2",
                            "ingress.2214680975.cidr_blocks.#": "1",
                            "ingress.2214680975.cidr_blocks.0": "0.0.0.0/0",
                            "ingress.2214680975.description": "",
                            "ingress.2214680975.from_port": "80",
                            "ingress.2214680975.ipv6_cidr_blocks.#": "0",
                            "ingress.2214680975.prefix_list_ids.#": "0",
                            "ingress.2214680975.protocol": "tcp",
                            "ingress.2214680975.security_groups.#": "0",
                            "ingress.2214680975.self": "false",
                            "ingress.2214680975.to_port": "80",
                            "ingress.2541437006.cidr_blocks.#": "1",
                            "ingress.2541437006.cidr_blocks.0": "0.0.0.0/0",
                            "ingress.2541437006.description": "",
                            "ingress.2541437006.from_port": "22",
                            "ingress.2541437006.ipv6_cidr_blocks.#": "0",
                            "ingress.2541437006.prefix_list_ids.#": "0",
                            "ingress.2541437006.protocol": "tcp",
                            "ingress.2541437006.security_groups.#": "0",
                            "ingress.2541437006.self": "false",
                            "ingress.2541437006.to_port": "22",
                            "name": "t03web",
                            "owner_id": "715652651898",
                            "revoke_rules_on_delete": "false",
                            "tags.%": "0",
                            "vpc_id": "vpc-0bac0748973c58b31"
                        },
                        "meta": {
                            "e2bfb730-ecaa-11e6-8f88-34363bc7c4c0": {
                                "create": 600000000000,
                                "delete": 600000000000
                            },
                            "schema_version": "1"
                        },
                        "tainted": false
                    },
                    "deposed": [],
                    "provider": "provider.aws"
                },
                "aws_subnet.private_1c": {
                    "type": "aws_subnet",
                    "depends_on": [
                        "aws_vpc.t03vpc"
                    ],
                    "primary": {
                        "id": "subnet-0750f63c38c055766",
                        "attributes": {
                            "arn": "arn:aws:ec2:ap-northeast-1:715652651898:subnet/subnet-0750f63c38c055766",
                            "assign_ipv6_address_on_creation": "false",
                            "availability_zone": "ap-northeast-1c",
                            "availability_zone_id": "apne1-az1",
                            "cidr_block": "103.0.2.0/24",
                            "id": "subnet-0750f63c38c055766",
                            "ipv6_cidr_block": "",
                            "ipv6_cidr_block_association_id": "",
                            "map_public_ip_on_launch": "false",
                            "owner_id": "715652651898",
                            "tags.%": "0",
                            "vpc_id": "vpc-0bac0748973c58b31"
                        },
                        "meta": {
                            "e2bfb730-ecaa-11e6-8f88-34363bc7c4c0": {
                                "create": 600000000000,
                                "delete": 1200000000000
                            },
                            "schema_version": "1"
                        },
                        "tainted": false
                    },
                    "deposed": [],
                    "provider": "provider.aws"
                },
                "aws_subnet.public_1a": {
                    "type": "aws_subnet",
                    "depends_on": [
                        "aws_vpc.t03vpc"
                    ],
                    "primary": {
                        "id": "subnet-0eadb0bdb744e75dd",
                        "attributes": {
                            "arn": "arn:aws:ec2:ap-northeast-1:715652651898:subnet/subnet-0eadb0bdb744e75dd",
                            "assign_ipv6_address_on_creation": "false",
                            "availability_zone": "ap-northeast-1a",
                            "availability_zone_id": "apne1-az4",
                            "cidr_block": "103.0.1.0/24",
                            "id": "subnet-0eadb0bdb744e75dd",
                            "ipv6_cidr_block": "",
                            "ipv6_cidr_block_association_id": "",
                            "map_public_ip_on_launch": "false",
                            "owner_id": "715652651898",
                            "tags.%": "0",
                            "vpc_id": "vpc-0bac0748973c58b31"
                        },
                        "meta": {
                            "e2bfb730-ecaa-11e6-8f88-34363bc7c4c0": {
                                "create": 600000000000,
                                "delete": 1200000000000
                            },
                            "schema_version": "1"
                        },
                        "tainted": false
                    },
                    "deposed": [],
                    "provider": "provider.aws"
                },
                "aws_vpc.t03vpc": {
                    "type": "aws_vpc",
                    "depends_on": [],
                    "primary": {
                        "id": "vpc-0bac0748973c58b31",
                        "attributes": {
                            "arn": "arn:aws:ec2:ap-northeast-1:715652651898:vpc/vpc-0bac0748973c58b31",
                            "assign_generated_ipv6_cidr_block": "false",
                            "cidr_block": "103.0.0.0/16",
                            "default_network_acl_id": "acl-0c1337e982f63962b",
                            "default_route_table_id": "rtb-01149daec867f7ebc",
                            "default_security_group_id": "sg-047f8f839c06f2d98",
                            "dhcp_options_id": "dopt-0d9c2be86ee4efa1b",
                            "enable_classiclink": "false",
                            "enable_classiclink_dns_support": "false",
                            "enable_dns_hostnames": "true",
                            "enable_dns_support": "true",
                            "id": "vpc-0bac0748973c58b31",
                            "instance_tenancy": "default",
                            "ipv6_association_id": "",
                            "ipv6_cidr_block": "",
                            "main_route_table_id": "rtb-01149daec867f7ebc",
                            "owner_id": "715652651898",
                            "tags.%": "0"
                        },
                        "meta": {
                            "schema_version": "1"
                        },
                        "tainted": false
                    },
                    "deposed": [],
                    "provider": "provider.aws"
                }
            },
            "depends_on": []
        }
    ]
}
